
Microsoft Visual Studio Solution File, Format Version 12.00
# Visual Studio Version 17
VisualStudioVersion = 17.3.32825.248
MinimumVisualStudioVersion = 10.0.40219.1
Project("{9A19103F-16F7-4668-BE54-9A1E7A4F7556}") = "AreaOfFigures", "AreaOfFigures.csproj", "{90C5D801-EDBC-42A2-9063-610275392A41}"
EndProject
Project("{9A19103F-16F7-4668-BE54-9A1E7A4F7556}") = "MainProject", "..\MainProject\MainProject.csproj", "{4556E0DD-818E-4F1F-BC0D-744A794F7CFA}"
EndProject
Project("{FAE04EC0-301F-11D3-BF4B-00C04F79EFBC}") = "UnitTest.Tests", "..\UnitTest.Tests\UnitTest.Tests.csproj", "{5D3E82A4-383F-40BA-9DFB-2BFA9364B6E3}"
EndProject
Global
	GlobalSection(SolutionConfigurationPlatforms) = preSolution
		Debug|Any CPU = Debug|Any CPU
		Release|Any CPU = Release|Any CPU
	EndGlobalSection
	GlobalSection(ProjectConfigurationPlatforms) = postSolution
		{90C5D801-EDBC-42A2-9063-610275392A41}.Debug|Any CPU.ActiveCfg = Debug|Any CPU
		{90C5D801-EDBC-42A2-9063-610275392A41}.Debug|Any CPU.Build.0 = Debug|Any CPU
		{90C5D801-EDBC-42A2-9063-610275392A41}.Release|Any CPU.ActiveCfg = Release|Any CPU
		{90C5D801-EDBC-42A2-9063-610275392A41}.Release|Any CPU.Build.0 = Release|Any CPU
		{4556E0DD-818E-4F1F-BC0D-744A794F7CFA}.Debug|Any CPU.ActiveCfg = Debug|Any CPU
		{4556E0DD-818E-4F1F-BC0D-744A794F7CFA}.Debug|Any CPU.Build.0 = Debug|Any CPU
		{4556E0DD-818E-4F1F-BC0D-744A794F7CFA}.Release|Any CPU.ActiveCfg = Release|Any CPU
		{4556E0DD-818E-4F1F-BC0D-744A794F7CFA}.Release|Any CPU.Build.0 = Release|Any CPU
		{5D3E82A4-383F-40BA-9DFB-2BFA9364B6E3}.Debug|Any CPU.ActiveCfg = Debug|Any CPU
		{5D3E82A4-383F-40BA-9DFB-2BFA9364B6E3}.Debug|Any CPU.Build.0 = Debug|Any CPU
		{5D3E82A4-383F-40BA-9DFB-2BFA9364B6E3}.Release|Any CPU.ActiveCfg = Release|Any CPU
		{5D3E82A4-383F-40BA-9DFB-2BFA9364B6E3}.Release|Any CPU.Build.0 = Release|Any CPU
	EndGlobalSection
	GlobalSection(SolutionProperties) = preSolution
		HideSolutionNode = FALSE
	EndGlobalSection
	GlobalSection(ExtensibilityGlobals) = postSolution
		SolutionGuid = {CBB12C82-F8CC-4CE5-8946-5A4B1CD69674}
	EndGlobalSection
EndGlobal
